
Microsoft Visual Studio Solution File, Format Version 12.00
Project("{FAE04EC0-301F-11D3-BF4B-00C04F79EFBC}") = "ComboBoxBindingExample", "ComboBoxBindingExample\ComboBoxBindingExample.csproj", "{FB6FCC31-7626-4791-9C83-CD31D6A5052A}"
EndProject
Global
	GlobalSection(SolutionConfigurationPlatforms) = preSolution
		Debug|Any CPU = Debug|Any CPU
		Release|Any CPU = Release|Any CPU
	EndGlobalSection
	GlobalSection(ProjectConfigurationPlatforms) = postSolution
		{FB6FCC31-7626-4791-9C83-CD31D6A5052A}.Debug|Any CPU.ActiveCfg = Debug|Any CPU
		{FB6FCC31-7626-4791-9C83-CD31D6A5052A}.Debug|Any CPU.Build.0 = Debug|Any CPU
		{FB6FCC31-7626-4791-9C83-CD31D6A5052A}.Release|Any CPU.ActiveCfg = Release|Any CPU
		{FB6FCC31-7626-4791-9C83-CD31D6A5052A}.Release|Any CPU.Build.0 = Release|Any CPU
	EndGlobalSection
EndGlobal
